
Microsoft Visual Studio Solution File, Format Version 12.00
# Visual Studio Version 17
VisualStudioVersion = 17.0.31903.59
MinimumVisualStudioVersion = 10.0.40219.1
Project("{FAE04EC0-301F-11D3-BF4B-00C04F79EFBC}") = "TodoApp.Api", "TodoApp.Api\TodoApp.Api.csproj", "{0F8027D2-7B46-4F44-9C6E-55815440016F}"
EndProject
Project("{FAE04EC0-301F-11D3-BF4B-00C04F79EFBC}") = "TodoApp.Tests", "TodoApp.Tests\TodoApp.Tests.csproj", "{C52BD391-3480-4122-9B48-66405D02BBA1}"
EndProject
Global
	GlobalSection(SolutionConfigurationPlatforms) = preSolution
		Debug|Any CPU = Debug|Any CPU
		Debug|x64 = Debug|x64
		Debug|x86 = Debug|x86
		Release|Any CPU = Release|Any CPU
		Release|x64 = Release|x64
		Release|x86 = Release|x86
	EndGlobalSection
	GlobalSection(ProjectConfigurationPlatforms) = postSolution
		{0F8027D2-7B46-4F44-9C6E-55815440016F}.Debug|Any CPU.ActiveCfg = Debug|Any CPU
		{0F8027D2-7B46-4F44-9C6E-55815440016F}.Debug|Any CPU.Build.0 = Debug|Any CPU
		{0F8027D2-7B46-4F44-9C6E-55815440016F}.Debug|x64.ActiveCfg = Debug|Any CPU
		{0F8027D2-7B46-4F44-9C6E-55815440016F}.Debug|x64.Build.0 = Debug|Any CPU
		{0F8027D2-7B46-4F44-9C6E-55815440016F}.Debug|x86.ActiveCfg = Debug|Any CPU
		{0F8027D2-7B46-4F44-9C6E-55815440016F}.Debug|x86.Build.0 = Debug|Any CPU
		{0F8027D2-7B46-4F44-9C6E-55815440016F}.Release|Any CPU.ActiveCfg = Release|Any CPU
		{0F8027D2-7B46-4F44-9C6E-55815440016F}.Release|Any CPU.Build.0 = Release|Any CPU
		{0F8027D2-7B46-4F44-9C6E-55815440016F}.Release|x64.ActiveCfg = Release|Any CPU
		{0F8027D2-7B46-4F44-9C6E-55815440016F}.Release|x64.Build.0 = Release|Any CPU
		{0F8027D2-7B46-4F44-9C6E-55815440016F}.Release|x86.ActiveCfg = Release|Any CPU
		{0F8027D2-7B46-4F44-9C6E-55815440016F}.Release|x86.Build.0 = Release|Any CPU
		{C52BD391-3480-4122-9B48-66405D02BBA1}.Debug|Any CPU.ActiveCfg = Debug|Any CPU
		{C52BD391-3480-4122-9B48-66405D02BBA1}.Debug|Any CPU.Build.0 = Debug|Any CPU
		{C52BD391-3480-4122-9B48-66405D02BBA1}.Debug|x64.ActiveCfg = Debug|Any CPU
		{C52BD391-3480-4122-9B48-66405D02BBA1}.Debug|x64.Build.0 = Debug|Any CPU
		{C52BD391-3480-4122-9B48-66405D02BBA1}.Debug|x86.ActiveCfg = Debug|Any CPU
		{C52BD391-3480-4122-9B48-66405D02BBA1}.Debug|x86.Build.0 = Debug|Any CPU
		{C52BD391-3480-4122-9B48-66405D02BBA1}.Release|Any CPU.ActiveCfg = Release|Any CPU
		{C52BD391-3480-4122-9B48-66405D02BBA1}.Release|Any CPU.Build.0 = Release|Any CPU
		{C52BD391-3480-4122-9B48-66405D02BBA1}.Release|x64.ActiveCfg = Release|Any CPU
		{C52BD391-3480-4122-9B48-66405D02BBA1}.Release|x64.Build.0 = Release|Any CPU
		{C52BD391-3480-4122-9B48-66405D02BBA1}.Release|x86.ActiveCfg = Release|Any CPU
		{C52BD391-3480-4122-9B48-66405D02BBA1}.Release|x86.Build.0 = Release|Any CPU
	EndGlobalSection
	GlobalSection(SolutionProperties) = preSolution
		HideSolutionNode = FALSE
	EndGlobalSection
EndGlobal
